
Microsoft Visual Studio Solution File, Format Version 12.00
# Visual Studio Version 17
VisualStudioVersion = 17.1.31903.286
MinimumVisualStudioVersion = 10.0.40219.1
Project("{9A19103F-16F7-4668-BE54-9A1E7A4F7556}") = "Clf.ChannelAccess", "..\CLF.DotNet.ChannelAccess\Clf.ChannelAccess\Clf.ChannelAccess.csproj", "{273F41EA-0F7B-41D1-9DB2-31F42E09887F}"
EndProject
Project("{9A19103F-16F7-4668-BE54-9A1E7A4F7556}") = "Clf.Common", "..\CLF.DotNet.Common\Clf.Common\Clf.Common.csproj", "{3060FE75-E9F9-45D7-A2C7-8D359E4AFC24}"
EndProject
Project("{9A19103F-16F7-4668-BE54-9A1E7A4F7556}") = "Clf.Blazor.Complex.IntensityMap", "Clf.Blazor.Complex.Components\IntensityMap\Clf.Blazor.Complex.IntensityMap.csproj", "{A6443E9C-8521-411D-B5BB-3F4A5A5343F0}"
EndProject
Project("{9A19103F-16F7-4668-BE54-9A1E7A4F7556}") = "Clf.Blazor.Complex.IocManager", "Clf.Blazor.Complex.Components\IOCManager\Clf.Blazor.Complex.IocManager.csproj", "{BC9F77DC-0A82-4E46-A289-B3CC1D41AE81}"
EndProject
Project("{9A19103F-16F7-4668-BE54-9A1E7A4F7556}") = "Clf.Blazor.Basic.Components", "Clf.Blazor.Basic.Components\Clf.Blazor.Basic.Components.csproj", "{C8A54C59-3F4F-4A7D-A88A-0666DDC55843}"
EndProject
Project("{9A19103F-16F7-4668-BE54-9A1E7A4F7556}") = "Clf.Blazor.ExamplesServerApp", "Clf.Blazor.ExamplesServerApp\Clf.Blazor.ExamplesServerApp.csproj", "{504ACBD6-91C5-423A-AE90-4AED2448BAF3}"
EndProject
Project("{9A19103F-16F7-4668-BE54-9A1E7A4F7556}") = "Clf.Blazor.Common", "Clf.Blazor.Common\Clf.Blazor.Common.csproj", "{CB19D3A6-0186-4E98-9526-43527F6B3BC2}"
EndProject
Project("{9A19103F-16F7-4668-BE54-9A1E7A4F7556}") = "Clf.Tiff", "..\CLF.DotNet.Common\Clf.Tiff\Clf.Tiff.csproj", "{742694FE-D935-40F1-A18F-B50EBCCA3354}"
EndProject
Global
	GlobalSection(SolutionConfigurationPlatforms) = preSolution
		Debug|Any CPU = Debug|Any CPU
		EPAC_SIM|Any CPU = EPAC_SIM|Any CPU
		Release|Any CPU = Release|Any CPU
	EndGlobalSection
	GlobalSection(ProjectConfigurationPlatforms) = postSolution
		{273F41EA-0F7B-41D1-9DB2-31F42E09887F}.Debug|Any CPU.ActiveCfg = Debug|Any CPU
		{273F41EA-0F7B-41D1-9DB2-31F42E09887F}.Debug|Any CPU.Build.0 = Debug|Any CPU
		{273F41EA-0F7B-41D1-9DB2-31F42E09887F}.EPAC_SIM|Any CPU.ActiveCfg = EPAC_SIM|Any CPU
		{273F41EA-0F7B-41D1-9DB2-31F42E09887F}.EPAC_SIM|Any CPU.Build.0 = EPAC_SIM|Any CPU
		{273F41EA-0F7B-41D1-9DB2-31F42E09887F}.Release|Any CPU.ActiveCfg = Release|Any CPU
		{273F41EA-0F7B-41D1-9DB2-31F42E09887F}.Release|Any CPU.Build.0 = Release|Any CPU
		{3060FE75-E9F9-45D7-A2C7-8D359E4AFC24}.Debug|Any CPU.ActiveCfg = Debug|Any CPU
		{3060FE75-E9F9-45D7-A2C7-8D359E4AFC24}.Debug|Any CPU.Build.0 = Debug|Any CPU
		{3060FE75-E9F9-45D7-A2C7-8D359E4AFC24}.EPAC_SIM|Any CPU.ActiveCfg = EPAC_SIM|Any CPU
		{3060FE75-E9F9-45D7-A2C7-8D359E4AFC24}.EPAC_SIM|Any CPU.Build.0 = EPAC_SIM|Any CPU
		{3060FE75-E9F9-45D7-A2C7-8D359E4AFC24}.Release|Any CPU.ActiveCfg = Release|Any CPU
		{3060FE75-E9F9-45D7-A2C7-8D359E4AFC24}.Release|Any CPU.Build.0 = Release|Any CPU
		{A6443E9C-8521-411D-B5BB-3F4A5A5343F0}.Debug|Any CPU.ActiveCfg = Debug|Any CPU
		{A6443E9C-8521-411D-B5BB-3F4A5A5343F0}.Debug|Any CPU.Build.0 = Debug|Any CPU
		{A6443E9C-8521-411D-B5BB-3F4A5A5343F0}.EPAC_SIM|Any CPU.ActiveCfg = EPAC_SIM|Any CPU
		{A6443E9C-8521-411D-B5BB-3F4A5A5343F0}.EPAC_SIM|Any CPU.Build.0 = EPAC_SIM|Any CPU
		{A6443E9C-8521-411D-B5BB-3F4A5A5343F0}.Release|Any CPU.ActiveCfg = Release|Any CPU
		{A6443E9C-8521-411D-B5BB-3F4A5A5343F0}.Release|Any CPU.Build.0 = Release|Any CPU
		{BC9F77DC-0A82-4E46-A289-B3CC1D41AE81}.Debug|Any CPU.ActiveCfg = Debug|Any CPU
		{BC9F77DC-0A82-4E46-A289-B3CC1D41AE81}.Debug|Any CPU.Build.0 = Debug|Any CPU
		{BC9F77DC-0A82-4E46-A289-B3CC1D41AE81}.EPAC_SIM|Any CPU.ActiveCfg = EPAC_SIM|Any CPU
		{BC9F77DC-0A82-4E46-A289-B3CC1D41AE81}.EPAC_SIM|Any CPU.Build.0 = EPAC_SIM|Any CPU
		{BC9F77DC-0A82-4E46-A289-B3CC1D41AE81}.Release|Any CPU.ActiveCfg = Release|Any CPU
		{BC9F77DC-0A82-4E46-A289-B3CC1D41AE81}.Release|Any CPU.Build.0 = Release|Any CPU
		{C8A54C59-3F4F-4A7D-A88A-0666DDC55843}.Debug|Any CPU.ActiveCfg = Debug|Any CPU
		{C8A54C59-3F4F-4A7D-A88A-0666DDC55843}.Debug|Any CPU.Build.0 = Debug|Any CPU
		{C8A54C59-3F4F-4A7D-A88A-0666DDC55843}.EPAC_SIM|Any CPU.ActiveCfg = EPAC_SIM|Any CPU
		{C8A54C59-3F4F-4A7D-A88A-0666DDC55843}.EPAC_SIM|Any CPU.Build.0 = EPAC_SIM|Any CPU
		{C8A54C59-3F4F-4A7D-A88A-0666DDC55843}.Release|Any CPU.ActiveCfg = Release|Any CPU
		{C8A54C59-3F4F-4A7D-A88A-0666DDC55843}.Release|Any CPU.Build.0 = Release|Any CPU
		{504ACBD6-91C5-423A-AE90-4AED2448BAF3}.Debug|Any CPU.ActiveCfg = Debug|Any CPU
		{504ACBD6-91C5-423A-AE90-4AED2448BAF3}.Debug|Any CPU.Build.0 = Debug|Any CPU
		{504ACBD6-91C5-423A-AE90-4AED2448BAF3}.EPAC_SIM|Any CPU.ActiveCfg = Release|Any CPU
		{504ACBD6-91C5-423A-AE90-4AED2448BAF3}.EPAC_SIM|Any CPU.Build.0 = Release|Any CPU
		{504ACBD6-91C5-423A-AE90-4AED2448BAF3}.Release|Any CPU.ActiveCfg = Release|Any CPU
		{504ACBD6-91C5-423A-AE90-4AED2448BAF3}.Release|Any CPU.Build.0 = Release|Any CPU
		{CB19D3A6-0186-4E98-9526-43527F6B3BC2}.Debug|Any CPU.ActiveCfg = Debug|Any CPU
		{CB19D3A6-0186-4E98-9526-43527F6B3BC2}.Debug|Any CPU.Build.0 = Debug|Any CPU
		{CB19D3A6-0186-4E98-9526-43527F6B3BC2}.EPAC_SIM|Any CPU.ActiveCfg = EPAC_SIM|Any CPU
		{CB19D3A6-0186-4E98-9526-43527F6B3BC2}.EPAC_SIM|Any CPU.Build.0 = EPAC_SIM|Any CPU
		{CB19D3A6-0186-4E98-9526-43527F6B3BC2}.Release|Any CPU.ActiveCfg = Release|Any CPU
		{CB19D3A6-0186-4E98-9526-43527F6B3BC2}.Release|Any CPU.Build.0 = Release|Any CPU
		{742694FE-D935-40F1-A18F-B50EBCCA3354}.Debug|Any CPU.ActiveCfg = Debug|Any CPU
		{742694FE-D935-40F1-A18F-B50EBCCA3354}.Debug|Any CPU.Build.0 = Debug|Any CPU
		{742694FE-D935-40F1-A18F-B50EBCCA3354}.EPAC_SIM|Any CPU.ActiveCfg = Debug|Any CPU
		{742694FE-D935-40F1-A18F-B50EBCCA3354}.EPAC_SIM|Any CPU.Build.0 = Debug|Any CPU
		{742694FE-D935-40F1-A18F-B50EBCCA3354}.Release|Any CPU.ActiveCfg = Release|Any CPU
		{742694FE-D935-40F1-A18F-B50EBCCA3354}.Release|Any CPU.Build.0 = Release|Any CPU
	EndGlobalSection
	GlobalSection(SolutionProperties) = preSolution
		HideSolutionNode = FALSE
	EndGlobalSection
	GlobalSection(ExtensibilityGlobals) = postSolution
		SolutionGuid = {5EE873D5-4FF9-4D4E-8BF5-9EF4534B38BF}
	EndGlobalSection
EndGlobal
